
Microsoft Visual Studio Solution File, Format Version 12.00
# Visual Studio Version 17
VisualStudioVersion = 17.11.35327.3
MinimumVisualStudioVersion = 10.0.40219.1
Project("{9A19103F-16F7-4668-BE54-9A1E7A4F7556}") = "TODOTaskManagement", "TODOTaskManagement\TODOTaskManagement.csproj", "{29029FE9-60D1-4C9F-8586-DB8CFA681611}"
EndProject
Project("{9A19103F-16F7-4668-BE54-9A1E7A4F7556}") = "Infrastructure", "Infrastructure\Infrastructure.csproj", "{7C0C2643-87FF-4BA0-84F0-09948BA0B34E}"
EndProject
Project("{9A19103F-16F7-4668-BE54-9A1E7A4F7556}") = "Domain", "Domain\Domain.csproj", "{836FEE6F-F442-4CB0-8BD6-5EF399F32F0F}"
EndProject
Project("{9A19103F-16F7-4668-BE54-9A1E7A4F7556}") = "Application", "Application\Application.csproj", "{A7674694-274A-4DF0-B75D-558CEF5D6BCC}"
EndProject
Project("{2150E333-8FDC-42A3-9474-1A3956D46DE8}") = "src", "src", "{C0A63287-231F-4D55-A668-FCA91B4E0307}"
EndProject
Project("{2150E333-8FDC-42A3-9474-1A3956D46DE8}") = "tests", "tests", "{E2474B15-4280-42F2-8038-BE97C9089992}"
EndProject
Project("{2150E333-8FDC-42A3-9474-1A3956D46DE8}") = "Application", "Application", "{9F59C8B4-E95F-4B7B-8ED0-CF6E53EF3329}"
EndProject
Project("{2150E333-8FDC-42A3-9474-1A3956D46DE8}") = "Domain", "Domain", "{4A14AEE5-94EC-444D-BC98-C1EA226E99B5}"
EndProject
Project("{2150E333-8FDC-42A3-9474-1A3956D46DE8}") = "Infrastructure", "Infrastructure", "{93A04B1C-7A76-40CB-A7EB-595181DC60E7}"
EndProject
Project("{2150E333-8FDC-42A3-9474-1A3956D46DE8}") = "WebAPI", "WebAPI", "{7AE88E60-ECA4-4FD6-91A8-599A47112322}"
EndProject
Project("{2150E333-8FDC-42A3-9474-1A3956D46DE8}") = "UnitTests", "UnitTests", "{88BB7020-F2E8-4B4F-AEBF-5298875FF842}"
EndProject
Project("{FAE04EC0-301F-11D3-BF4B-00C04F79EFBC}") = "TODOTaskManagementUnitTests", "TODOTaskManagementUnitTests\TODOTaskManagementUnitTests.csproj", "{41D0CCF5-B4A4-4012-AF80-61F2A3B9B48B}"
EndProject
Global
	GlobalSection(SolutionConfigurationPlatforms) = preSolution
		Debug|Any CPU = Debug|Any CPU
		Release|Any CPU = Release|Any CPU
	EndGlobalSection
	GlobalSection(ProjectConfigurationPlatforms) = postSolution
		{29029FE9-60D1-4C9F-8586-DB8CFA681611}.Debug|Any CPU.ActiveCfg = Debug|Any CPU
		{29029FE9-60D1-4C9F-8586-DB8CFA681611}.Debug|Any CPU.Build.0 = Debug|Any CPU
		{29029FE9-60D1-4C9F-8586-DB8CFA681611}.Release|Any CPU.ActiveCfg = Release|Any CPU
		{29029FE9-60D1-4C9F-8586-DB8CFA681611}.Release|Any CPU.Build.0 = Release|Any CPU
		{7C0C2643-87FF-4BA0-84F0-09948BA0B34E}.Debug|Any CPU.ActiveCfg = Debug|Any CPU
		{7C0C2643-87FF-4BA0-84F0-09948BA0B34E}.Debug|Any CPU.Build.0 = Debug|Any CPU
		{7C0C2643-87FF-4BA0-84F0-09948BA0B34E}.Release|Any CPU.ActiveCfg = Release|Any CPU
		{7C0C2643-87FF-4BA0-84F0-09948BA0B34E}.Release|Any CPU.Build.0 = Release|Any CPU
		{836FEE6F-F442-4CB0-8BD6-5EF399F32F0F}.Debug|Any CPU.ActiveCfg = Debug|Any CPU
		{836FEE6F-F442-4CB0-8BD6-5EF399F32F0F}.Debug|Any CPU.Build.0 = Debug|Any CPU
		{836FEE6F-F442-4CB0-8BD6-5EF399F32F0F}.Release|Any CPU.ActiveCfg = Release|Any CPU
		{836FEE6F-F442-4CB0-8BD6-5EF399F32F0F}.Release|Any CPU.Build.0 = Release|Any CPU
		{A7674694-274A-4DF0-B75D-558CEF5D6BCC}.Debug|Any CPU.ActiveCfg = Debug|Any CPU
		{A7674694-274A-4DF0-B75D-558CEF5D6BCC}.Debug|Any CPU.Build.0 = Debug|Any CPU
		{A7674694-274A-4DF0-B75D-558CEF5D6BCC}.Release|Any CPU.ActiveCfg = Release|Any CPU
		{A7674694-274A-4DF0-B75D-558CEF5D6BCC}.Release|Any CPU.Build.0 = Release|Any CPU
		{41D0CCF5-B4A4-4012-AF80-61F2A3B9B48B}.Debug|Any CPU.ActiveCfg = Debug|Any CPU
		{41D0CCF5-B4A4-4012-AF80-61F2A3B9B48B}.Debug|Any CPU.Build.0 = Debug|Any CPU
		{41D0CCF5-B4A4-4012-AF80-61F2A3B9B48B}.Release|Any CPU.ActiveCfg = Release|Any CPU
		{41D0CCF5-B4A4-4012-AF80-61F2A3B9B48B}.Release|Any CPU.Build.0 = Release|Any CPU
	EndGlobalSection
	GlobalSection(SolutionProperties) = preSolution
		HideSolutionNode = FALSE
	EndGlobalSection
	GlobalSection(NestedProjects) = preSolution
		{29029FE9-60D1-4C9F-8586-DB8CFA681611} = {7AE88E60-ECA4-4FD6-91A8-599A47112322}
		{7C0C2643-87FF-4BA0-84F0-09948BA0B34E} = {93A04B1C-7A76-40CB-A7EB-595181DC60E7}
		{836FEE6F-F442-4CB0-8BD6-5EF399F32F0F} = {4A14AEE5-94EC-444D-BC98-C1EA226E99B5}
		{A7674694-274A-4DF0-B75D-558CEF5D6BCC} = {9F59C8B4-E95F-4B7B-8ED0-CF6E53EF3329}
		{9F59C8B4-E95F-4B7B-8ED0-CF6E53EF3329} = {C0A63287-231F-4D55-A668-FCA91B4E0307}
		{4A14AEE5-94EC-444D-BC98-C1EA226E99B5} = {C0A63287-231F-4D55-A668-FCA91B4E0307}
		{93A04B1C-7A76-40CB-A7EB-595181DC60E7} = {C0A63287-231F-4D55-A668-FCA91B4E0307}
		{7AE88E60-ECA4-4FD6-91A8-599A47112322} = {C0A63287-231F-4D55-A668-FCA91B4E0307}
		{88BB7020-F2E8-4B4F-AEBF-5298875FF842} = {E2474B15-4280-42F2-8038-BE97C9089992}
		{41D0CCF5-B4A4-4012-AF80-61F2A3B9B48B} = {88BB7020-F2E8-4B4F-AEBF-5298875FF842}
	EndGlobalSection
	GlobalSection(ExtensibilityGlobals) = postSolution
		SolutionGuid = {C31705E4-704A-40CC-9602-9C4ABFA76DEA}
	EndGlobalSection
EndGlobal
